
Microsoft Visual Studio Solution File, Format Version 12.00
# Visual Studio 2012
Project("{FAE04EC0-301F-11D3-BF4B-00C04F79EFBC}") = "ReactiveTree", "ReactiveTree\ReactiveTree.csproj", "{EF7B3C5B-DFFA-430F-B92B-830B0D3C775C}"
EndProject
Project("{FAE04EC0-301F-11D3-BF4B-00C04F79EFBC}") = "ReactiveTree.Test", "ReactiveTree.Test\ReactiveTree.Test.csproj", "{B36AA438-697C-4A0D-BA60-448F563D550A}"
EndProject
Global
	GlobalSection(SolutionConfigurationPlatforms) = preSolution
		Debug|Any CPU = Debug|Any CPU
		Release|Any CPU = Release|Any CPU
	EndGlobalSection
	GlobalSection(ProjectConfigurationPlatforms) = postSolution
		{EF7B3C5B-DFFA-430F-B92B-830B0D3C775C}.Debug|Any CPU.ActiveCfg = Debug|Any CPU
		{EF7B3C5B-DFFA-430F-B92B-830B0D3C775C}.Debug|Any CPU.Build.0 = Debug|Any CPU
		{EF7B3C5B-DFFA-430F-B92B-830B0D3C775C}.Release|Any CPU.ActiveCfg = Release|Any CPU
		{EF7B3C5B-DFFA-430F-B92B-830B0D3C775C}.Release|Any CPU.Build.0 = Release|Any CPU
		{B36AA438-697C-4A0D-BA60-448F563D550A}.Debug|Any CPU.ActiveCfg = Debug|Any CPU
		{B36AA438-697C-4A0D-BA60-448F563D550A}.Debug|Any CPU.Build.0 = Debug|Any CPU
		{B36AA438-697C-4A0D-BA60-448F563D550A}.Release|Any CPU.ActiveCfg = Release|Any CPU
		{B36AA438-697C-4A0D-BA60-448F563D550A}.Release|Any CPU.Build.0 = Release|Any CPU
	EndGlobalSection
	GlobalSection(SolutionProperties) = preSolution
		HideSolutionNode = FALSE
	EndGlobalSection
EndGlobal
